
Microsoft Visual Studio Solution File, Format Version 12.00
# Visual Studio Version 17
VisualStudioVersion = 17.1.32210.238
MinimumVisualStudioVersion = 10.0.40219.1
Project("{FAE04EC0-301F-11D3-BF4B-00C04F79EFBC}") = "Monot_Click", "Monot_Click\Monot_Click.csproj", "{DAC881F7-385C-4B45-8A55-317B42C97923}"
EndProject
Global
	GlobalSection(SolutionConfigurationPlatforms) = preSolution
		Debug|Any CPU = Debug|Any CPU
		Release|Any CPU = Release|Any CPU
	EndGlobalSection
	GlobalSection(ProjectConfigurationPlatforms) = postSolution
		{DAC881F7-385C-4B45-8A55-317B42C97923}.Debug|Any CPU.ActiveCfg = Debug|Any CPU
		{DAC881F7-385C-4B45-8A55-317B42C97923}.Debug|Any CPU.Build.0 = Debug|Any CPU
		{DAC881F7-385C-4B45-8A55-317B42C97923}.Release|Any CPU.ActiveCfg = Release|Any CPU
		{DAC881F7-385C-4B45-8A55-317B42C97923}.Release|Any CPU.Build.0 = Release|Any CPU
	EndGlobalSection
	GlobalSection(SolutionProperties) = preSolution
		HideSolutionNode = FALSE
	EndGlobalSection
	GlobalSection(ExtensibilityGlobals) = postSolution
		SolutionGuid = {258F55D5-8120-4C2A-BBB6-B480F7244487}
	EndGlobalSection
EndGlobal
